
Microsoft Visual Studio Solution File, Format Version 12.00
# Visual Studio Version 17
VisualStudioVersion = 17.7.34024.191
MinimumVisualStudioVersion = 10.0.40219.1
Project("{FAE04EC0-301F-11D3-BF4B-00C04F79EFBC}") = "WpfHttpServerClient", "WpfHttpServerClient\WpfHttpServerClient.csproj", "{AFE81E56-BF8C-4605-BEAA-E459F4F143EB}"
EndProject
Global
	GlobalSection(SolutionConfigurationPlatforms) = preSolution
		Debug|Any CPU = Debug|Any CPU
		Release|Any CPU = Release|Any CPU
	EndGlobalSection
	GlobalSection(ProjectConfigurationPlatforms) = postSolution
		{AFE81E56-BF8C-4605-BEAA-E459F4F143EB}.Debug|Any CPU.ActiveCfg = Debug|Any CPU
		{AFE81E56-BF8C-4605-BEAA-E459F4F143EB}.Debug|Any CPU.Build.0 = Debug|Any CPU
		{AFE81E56-BF8C-4605-BEAA-E459F4F143EB}.Release|Any CPU.ActiveCfg = Release|Any CPU
		{AFE81E56-BF8C-4605-BEAA-E459F4F143EB}.Release|Any CPU.Build.0 = Release|Any CPU
	EndGlobalSection
	GlobalSection(SolutionProperties) = preSolution
		HideSolutionNode = FALSE
	EndGlobalSection
	GlobalSection(ExtensibilityGlobals) = postSolution
		SolutionGuid = {98774434-C08D-4E9A-BFD0-063C5D49A237}
	EndGlobalSection
EndGlobal
